
Microsoft Visual Studio Solution File, Format Version 12.00
# Visual Studio Version 17
VisualStudioVersion = 17.7.34031.279
MinimumVisualStudioVersion = 10.0.40219.1
Project("{888888A0-9F3D-457C-B088-3A5042F75D52}") = "Hangman Project", "Hangman Project\Hangman Project.pyproj", "{E58EE645-77A3-4460-830B-8B56BDA3C215}"
EndProject
Global
	GlobalSection(SolutionConfigurationPlatforms) = preSolution
		Debug|Any CPU = Debug|Any CPU
		Release|Any CPU = Release|Any CPU
	EndGlobalSection
	GlobalSection(ProjectConfigurationPlatforms) = postSolution
		{E58EE645-77A3-4460-830B-8B56BDA3C215}.Debug|Any CPU.ActiveCfg = Debug|Any CPU
		{E58EE645-77A3-4460-830B-8B56BDA3C215}.Release|Any CPU.ActiveCfg = Release|Any CPU
	EndGlobalSection
	GlobalSection(SolutionProperties) = preSolution
		HideSolutionNode = FALSE
	EndGlobalSection
	GlobalSection(ExtensibilityGlobals) = postSolution
		SolutionGuid = {D3B60C80-E96F-4862-8CA6-393A51F91136}
	EndGlobalSection
EndGlobal
